
Microsoft Visual Studio Solution File, Format Version 12.00
# Visual Studio Version 16
VisualStudioVersion = 16.0.31205.134
MinimumVisualStudioVersion = 10.0.40219.1
Project("{FAE04EC0-301F-11D3-BF4B-00C04F79EFBC}") = "REST API", "REST API.csproj", "{0851D81F-975D-4EAC-837E-559BDB09CA23}"
EndProject
Global
	GlobalSection(SolutionConfigurationPlatforms) = preSolution
		Debug|Any CPU = Debug|Any CPU
		Release|Any CPU = Release|Any CPU
	EndGlobalSection
	GlobalSection(ProjectConfigurationPlatforms) = postSolution
		{0851D81F-975D-4EAC-837E-559BDB09CA23}.Debug|Any CPU.ActiveCfg = Debug|Any CPU
		{0851D81F-975D-4EAC-837E-559BDB09CA23}.Debug|Any CPU.Build.0 = Debug|Any CPU
		{0851D81F-975D-4EAC-837E-559BDB09CA23}.Release|Any CPU.ActiveCfg = Release|Any CPU
		{0851D81F-975D-4EAC-837E-559BDB09CA23}.Release|Any CPU.Build.0 = Release|Any CPU
	EndGlobalSection
	GlobalSection(SolutionProperties) = preSolution
		HideSolutionNode = FALSE
	EndGlobalSection
	GlobalSection(ExtensibilityGlobals) = postSolution
		SolutionGuid = {24891CA0-2829-40F7-82C7-526E0C408386}
	EndGlobalSection
EndGlobal
